PODS:
  - AFNetworking (4.0.1):
    - AFNetworking/NSURLSession (= 4.0.1)
    - AFNetworking/Reachability (= 4.0.1)
    - AFNetworking/Security (= 4.0.1)
    - AFNetworking/Serialization (= 4.0.1)
    - AFNetworking/UIKit (= 4.0.1)
  - AFNetworking/NSURLSession (4.0.1):
    - AFNetworking/Reachability
    - AFNetworking/Security
    - AFNetworking/Serialization
  - AFNetworking/Reachability (4.0.1)
  - AFNetworking/Security (4.0.1)
  - AFNetworking/Serialization (4.0.1)
  - AFNetworking/UIKit (4.0.1):
    - AFNetworking/NSURLSession
  - CocoaAsyncSocket (7.6.5)
  - CocoaLumberjack (3.8.2):
    - CocoaLumberjack/Core (= 3.8.2)
  - CocoaLumberjack/Core (3.8.2)
  - FMDB (2.7.5):
    - FMDB/standard (= 2.7.5)
  - FMDB/standard (2.7.5)
  - IQKeyboardManager (6.5.16)
  - Masonry (1.1.0)
  - MBProgressHUD (1.2.0)
  - MJRefresh (3.7.6)
  - MYClientDatabase (0.1.0):
    - FMDB
    - MYClientDatabase/Debug (= 0.1.0)
  - MYClientDatabase/Debug (0.1.0):
    - FMDB
    - MYDearDebug
  - MYDearAddress (0.1.0):
    - MYNetwork
  - MYDearApplication (0.1.0):
    - MYDearDebug
    - MYNetwork
  - MYDearBusiness (0.1.0):
    - MYDearBusiness/Debug (= 0.1.0)
    - MYNetwork
    - MYRouter
    - MYUtils
  - MYDearBusiness/Debug (0.1.0):
    - MYDearDebug
    - MYNetwork
    - MYRouter
    - MYUtils
  - MYDearChat (0.1.0):
    - MYNetwork
  - MYDearDebug (0.1.0):
    - MYUIKit
  - MYDearHome (0.1.0):
    - MYNetwork
  - MYDearLogin (0.1.0):
    - MYNetwork
  - MYDearProfile (0.1.0):
    - MYNetwork
  - MYDearUpload (0.1.0):
    - MYNetwork
  - MYDearUser (0.1.0):
    - MYNetwork
  - MYIconfont (0.1.0)
  - MYImageCache (0.1.0):
    - SDWebImage
  - MYMVVM (0.1.0):
    - Masonry
    - MYIconfont
    - MYImageCache
    - MYRouter
    - MYSkin
    - MYUtils
  - MYNetwork (0.1.0):
    - AFNetworking
    - MYUtils
    - Reachability
  - MYRouter (0.1.0)
  - MYSkin (0.1.0):
    - YYModel
  - MYUIKit (0.1.0)
  - MYUtils (0.1.0):
    - CocoaLumberjack
    - MBProgressHUD
    - ReactiveObjC
  - Reachability (3.2)
  - ReactiveObjC (3.1.1)
  - SDWebImage (5.18.8):
    - SDWebImage/Core (= 5.18.8)
  - SDWebImage/Core (5.18.8)
  - YYModel (1.0.4)

DEPENDENCIES:
  - AFNetworking
  - CocoaAsyncSocket
  - IQKeyboardManager
  - MJRefresh
  - MYClientDatabase (from `../MYClientDatabase`)
  - MYClientDatabase/Debug (from `../MYClientDatabase`)
  - MYDearAddress (from `../MYDearBusiness`)
  - MYDearApplication (from `../MYDearBusiness`)
  - MYDearBusiness (from `../MYDearBusiness`)
  - MYDearBusiness/Debug (from `../MYDearBusiness`)
  - MYDearChat (from `../MYDearBusiness`)
  - MYDearDebug (from `../MYDearBusiness`)
  - MYDearHome (from `../MYDearBusiness`)
  - MYDearLogin (from `../MYDearBusiness`)
  - MYDearProfile (from `../MYDearBusiness`)
  - MYDearUpload (from `../MYDearUpload`)
  - MYDearUser (from `../MYDearBusiness`)
  - MYIconfont (from `https://github.com/MYBasicUtils/MYIconfont.git`)
  - MYImageCache (from `/Users/apple/Developer/iOS/MYImageCache`)
  - MYMVVM (from `/Users/apple/Developer/iOS/MYMVVM`)
  - MYNetwork (from `../MYNetwork`)
  - MYRouter (from `/Users/apple/Developer/iOS/MYRouter`)
  - MYSkin (from `/Users/apple/Developer/iOS/MYSkin`)
  - MYUIKit (from `../MYUIKit`)
  - MYUtils (from `/Users/apple/Developer/iOS/MYUtils`)

SPEC REPOS:
  trunk:
    - AFNetworking
    - CocoaAsyncSocket
    - CocoaLumberjack
    - FMDB
    - IQKeyboardManager
    - Masonry
    - MBProgressHUD
    - MJRefresh
    - Reachability
    - ReactiveObjC
    - SDWebImage
    - YYModel

EXTERNAL SOURCES:
  MYClientDatabase:
    :path: "../MYClientDatabase"
  MYDearAddress:
    :path: "../MYDearBusiness"
  MYDearApplication:
    :path: "../MYDearBusiness"
  MYDearBusiness:
    :path: "../MYDearBusiness"
  MYDearChat:
    :path: "../MYDearBusiness"
  MYDearDebug:
    :path: "../MYDearBusiness"
  MYDearHome:
    :path: "../MYDearBusiness"
  MYDearLogin:
    :path: "../MYDearBusiness"
  MYDearProfile:
    :path: "../MYDearBusiness"
  MYDearUpload:
    :path: "../MYDearUpload"
  MYDearUser:
    :path: "../MYDearBusiness"
  MYIconfont:
    :git: https://github.com/MYBasicUtils/MYIconfont.git
  MYImageCache:
    :path: "/Users/apple/Developer/iOS/MYImageCache"
  MYMVVM:
    :path: "/Users/apple/Developer/iOS/MYMVVM"
  MYNetwork:
    :path: "../MYNetwork"
  MYRouter:
    :path: "/Users/apple/Developer/iOS/MYRouter"
  MYSkin:
    :path: "/Users/apple/Developer/iOS/MYSkin"
  MYUIKit:
    :path: "../MYUIKit"
  MYUtils:
    :path: "/Users/apple/Developer/iOS/MYUtils"

CHECKOUT OPTIONS:
  MYIconfont:
    :commit: 25a86bf7bcba6d352d7efb080b575e19eba37f84
    :git: https://github.com/MYBasicUtils/MYIconfont.git

SPEC CHECKSUMS:
  AFNetworking: 3bd23d814e976cd148d7d44c3ab78017b744cd58
  CocoaAsyncSocket: 065fd1e645c7abab64f7a6a2007a48038fdc6a99
  CocoaLumberjack: f8d89a516e7710fdb2e9b8f1560b16ec6040eef0
  FMDB: 2ce00b547f966261cd18927a3ddb07cb6f3db82a
  IQKeyboardManager: 024b54d7dcb765c5bc99882cb4d5ea24a8cb7c3c
  Masonry: 678fab65091a9290e40e2832a55e7ab731aad201
  MBProgressHUD: 3ee5efcc380f6a79a7cc9b363dd669c5e1ae7406
  MJRefresh: 2fe7fb43a5167ceda20bb7e63f130c04fd1814a5
  MYClientDatabase: 0052e0552f92817dc4b05bf5640404d290343466
  MYDearAddress: 18a16878a145fbd20b731cdc865ce1df89314f99
  MYDearApplication: 940a854f9d2726e3e6dd75d2c0b0d1704ed3ba84
  MYDearBusiness: 68a76dd72faf7af465332e8e86a353ee03c2699a
  MYDearChat: f6332b3ada133f2ca30f341fe31db1a8901dc69d
  MYDearDebug: 2b28717dd8e7313d5988b6d9d1ded1b3eec62960
  MYDearHome: 14f9b627346629a5400986439b4df5f441296935
  MYDearLogin: c9f73a828447ee48c6ac75b94f5938b1a1143176
  MYDearProfile: 6562f89011002b806d5faee12ba24e03aa16d3f4
  MYDearUpload: 706dab936edd634cb0b71d1d104b430b91733dcc
  MYDearUser: 9688beed1ad0e323afd62bb9847dcee438e85c60
  MYIconfont: a328b874d9605267828243ec224fe56949dc90d4
  MYImageCache: 3910c515f53da3f8fc5322ba3226506230176f8e
  MYMVVM: 9d4d6c6ec04a8af8c9867ede6146c21674c395d0
  MYNetwork: 02ba56c0982c83d7b3a7715ed61de61efbd11087
  MYRouter: e83ca93fb3d2aab45d4ece6e67e12c165b6486fa
  MYSkin: b40195bbfcbf0502a279f052005532e6289d5974
  MYUIKit: 62948cfe21a44e154c109c3b6f33657a7955d269
  MYUtils: 437842c8d11d52b2912851be259e642d32e0fb62
  Reachability: 33e18b67625424e47b6cde6d202dce689ad7af96
  ReactiveObjC: 011caa393aa0383245f2dcf9bf02e86b80b36040
  SDWebImage: a81bbb3ba4ea5f810f4069c68727cb118467a04a
  YYModel: 2a7fdd96aaa4b86a824e26d0c517de8928c04b30

PODFILE CHECKSUM: 0473392daf7af5e3553cc95636cd80c2bcffe8b8

COCOAPODS: 1.14.3
