// !$*UTF8*$!
{
	archiveVersion = 1;
	classes = {
	};
	objectVersion = 56;
	objects = {

/* Begin PBXBuildFile section */
		180673E62AF34B2600175CB1 /* MYUserManager.m in Sources */ = {isa = PBXBuildFile; fileRef = 180673E52AF34B2600175CB1 /* MYUserManager.m */; };
		180673EF2AF34D6300175CB1 /* MYUser.m in Sources */ = {isa = PBXBuildFile; fileRef = 180673EE2AF34D6300175CB1 /* MYUser.m */; };
		180673F32AF34F6600175CB1 /* MYViewController+MYRouter.m in Sources */ = {isa = PBXBuildFile; fileRef = 180673F22AF34F6600175CB1 /* MYViewController+MYRouter.m */; };
		180673F72AF34FC400175CB1 /* MYApplicationManager.m in Sources */ = {isa = PBXBuildFile; fileRef = 180673F62AF34FC400175CB1 /* MYApplicationManager.m */; };
		180673FE2AF3709C00175CB1 /* MYForgetPwdViewController.m in Sources */ = {isa = PBXBuildFile; fileRef = 180673FC2AF3709C00175CB1 /* MYForgetPwdViewController.m */; };
		180673FF2AF3709C00175CB1 /* MYForgetPwdViewController.xib in Resources */ = {isa = PBXBuildFile; fileRef = 180673FD2AF3709C00175CB1 /* MYForgetPwdViewController.xib */; };
		180674032AF370D600175CB1 /* MYRegisterViewController.m in Sources */ = {isa = PBXBuildFile; fileRef = 180674012AF370D600175CB1 /* MYRegisterViewController.m */; };
		180674042AF370D600175CB1 /* MYRegisterViewController.xib in Resources */ = {isa = PBXBuildFile; fileRef = 180674022AF370D600175CB1 /* MYRegisterViewController.xib */; };
		1806740A2AF3751D00175CB1 /* MYNetworkManager.m in Sources */ = {isa = PBXBuildFile; fileRef = 180674062AF3751C00175CB1 /* MYNetworkManager.m */; };
		1806740B2AF3751D00175CB1 /* MYRequest.m in Sources */ = {isa = PBXBuildFile; fileRef = 180674072AF3751C00175CB1 /* MYRequest.m */; };
		180674102AF3785E00175CB1 /* MYLoginService.m in Sources */ = {isa = PBXBuildFile; fileRef = 1806740F2AF3785E00175CB1 /* MYLoginService.m */; };
		180674142AF37F2E00175CB1 /* MYHomeViewController.m in Sources */ = {isa = PBXBuildFile; fileRef = 180674132AF37F2E00175CB1 /* MYHomeViewController.m */; };
		1806741C2AF37FCB00175CB1 /* MYTestChatViewController.m in Sources */ = {isa = PBXBuildFile; fileRef = 1806741A2AF37FCB00175CB1 /* MYTestChatViewController.m */; };
		1806741D2AF37FCB00175CB1 /* MYTestChatViewController.xib in Resources */ = {isa = PBXBuildFile; fileRef = 1806741B2AF37FCB00175CB1 /* MYTestChatViewController.xib */; };
		180674272AF3868400175CB1 /* MYSocketManager.m in Sources */ = {isa = PBXBuildFile; fileRef = 180674262AF3868400175CB1 /* MYSocketManager.m */; };
		1808F83B2B0DDE28001A2A68 /* MYUser+MYConvert.m in Sources */ = {isa = PBXBuildFile; fileRef = 1808F83A2B0DDE28001A2A68 /* MYUser+MYConvert.m */; };
		1808F83E2B0EDF80001A2A68 /* MYMessage+MYConvert.m in Sources */ = {isa = PBXBuildFile; fileRef = 1808F83D2B0EDF80001A2A68 /* MYMessage+MYConvert.m */; };
		1882D5462B05EA1900BC8AC3 /* MYChatManager.m in Sources */ = {isa = PBXBuildFile; fileRef = 1882D5452B05EA1900BC8AC3 /* MYChatManager.m */; };
		1882D5492B05EBAD00BC8AC3 /* MYLoginRequestMessage.m in Sources */ = {isa = PBXBuildFile; fileRef = 1882D5482B05EBAD00BC8AC3 /* MYLoginRequestMessage.m */; };
		1882D54C2B05EC7000BC8AC3 /* MYMessageFactory.m in Sources */ = {isa = PBXBuildFile; fileRef = 1882D54B2B05EC7000BC8AC3 /* MYMessageFactory.m */; };
		1882D54F2B05ECFB00BC8AC3 /* MYChatMessage.m in Sources */ = {isa = PBXBuildFile; fileRef = 1882D54E2B05ECFB00BC8AC3 /* MYChatMessage.m */; };
		1882D5552B06134300BC8AC3 /* MYChatPersonViewModel.m in Sources */ = {isa = PBXBuildFile; fileRef = 1882D5542B06134300BC8AC3 /* MYChatPersonViewModel.m */; };
		1882D5592B06136500BC8AC3 /* MYChatPersonDataSource.m in Sources */ = {isa = PBXBuildFile; fileRef = 1882D5582B06136500BC8AC3 /* MYChatPersonDataSource.m */; };
		1882D5642B06F3F300BC8AC3 /* MYProfileService.m in Sources */ = {isa = PBXBuildFile; fileRef = 1882D5632B06F3F300BC8AC3 /* MYProfileService.m */; };
		1882D5672B06F50000BC8AC3 /* MYProfileDataSource.m in Sources */ = {isa = PBXBuildFile; fileRef = 1882D5662B06F50000BC8AC3 /* MYProfileDataSource.m */; };
		1882D56B2B06F5B100BC8AC3 /* MYProfileItemView.m in Sources */ = {isa = PBXBuildFile; fileRef = 1882D56A2B06F5B100BC8AC3 /* MYProfileItemView.m */; };
		1882D56E2B06F70000BC8AC3 /* MYProfileItemViewModel.m in Sources */ = {isa = PBXBuildFile; fileRef = 1882D56D2B06F70000BC8AC3 /* MYProfileItemViewModel.m */; };
		1882D5752B07075500BC8AC3 /* MYChatPersonItemView.m in Sources */ = {isa = PBXBuildFile; fileRef = 1882D5742B07075500BC8AC3 /* MYChatPersonItemView.m */; };
		1882D5782B07109800BC8AC3 /* MYChatMessageListViewController.m in Sources */ = {isa = PBXBuildFile; fileRef = 1882D5772B07109800BC8AC3 /* MYChatMessageListViewController.m */; };
		1882D57B2B0711AD00BC8AC3 /* MYChatMessageDataSource.m in Sources */ = {isa = PBXBuildFile; fileRef = 1882D57A2B0711AD00BC8AC3 /* MYChatMessageDataSource.m */; };
		1882D57E2B0711EB00BC8AC3 /* MYChatMessageViewModel.m in Sources */ = {isa = PBXBuildFile; fileRef = 1882D57D2B0711EB00BC8AC3 /* MYChatMessageViewModel.m */; };
		1882D5812B07121400BC8AC3 /* MYChatMeMessageItemView.m in Sources */ = {isa = PBXBuildFile; fileRef = 1882D5802B07121400BC8AC3 /* MYChatMeMessageItemView.m */; };
		18B8BEBD2AF8B117000FAAF2 /* MYMessage.m in Sources */ = {isa = PBXBuildFile; fileRef = 18B8BEBC2AF8B117000FAAF2 /* MYMessage.m */; };
		18B8BEC12AF8D736000FAAF2 /* MYByteBuf.m in Sources */ = {isa = PBXBuildFile; fileRef = 18B8BEC02AF8D736000FAAF2 /* MYByteBuf.m */; };
		18C067412AF4926D00C3DE3D /* MYHomeTabbarViewController.m in Sources */ = {isa = PBXBuildFile; fileRef = 18C067402AF4926D00C3DE3D /* MYHomeTabbarViewController.m */; };
		18C067442AF4929200C3DE3D /* MYChatPersonListViewController.m in Sources */ = {isa = PBXBuildFile; fileRef = 18C067432AF4929200C3DE3D /* MYChatPersonListViewController.m */; };
		18C067472AF492D900C3DE3D /* MYProfileViewController.m in Sources */ = {isa = PBXBuildFile; fileRef = 18C067462AF492D900C3DE3D /* MYProfileViewController.m */; };
		18C0674E2AF493B900C3DE3D /* InfoPlist.strings in Resources */ = {isa = PBXBuildFile; fileRef = 18C067502AF493B900C3DE3D /* InfoPlist.strings */; };
		18CCD2A62AD29667000BEBB7 /* MYLoginViewController.m in Sources */ = {isa = PBXBuildFile; fileRef = 18CCD2A42AD29667000BEBB7 /* MYLoginViewController.m */; };
		18CCD2A72AD29667000BEBB7 /* MYLoginViewController.xib in Resources */ = {isa = PBXBuildFile; fileRef = 18CCD2A52AD29667000BEBB7 /* MYLoginViewController.xib */; };
		18F5E5EA2B0CAACB00B5C063 /* MYChatAnotherMessageItemView.m in Sources */ = {isa = PBXBuildFile; fileRef = 18F5E5E92B0CAACB00B5C063 /* MYChatAnotherMessageItemView.m */; };
		18F5E5EE2B0D8C2B00B5C063 /* MYChatTextView.m in Sources */ = {isa = PBXBuildFile; fileRef = 18F5E5ED2B0D8C2B00B5C063 /* MYChatTextView.m */; };
		2ACF92EBCFBEB20BEDAE1FD2 /* libPods-DearIMProjectTests.a in Frameworks */ = {isa = PBXBuildFile; fileRef = 7BDD7D70B0CA461C27531EA7 /* libPods-DearIMProjectTests.a */; };
		58B8352A62149F74A2EA43A4 /* MYMessageCodec.m in Sources */ = {isa = PBXBuildFile; fileRef = 58B831349AF29A578A13CD87 /* MYMessageCodec.m */; };
		DEC9D96A2ABD8CB9007BB24F /* AppDelegate.m in Sources */ = {isa = PBXBuildFile; fileRef = DEC9D9692ABD8CB9007BB24F /* AppDelegate.m */; };
		DEC9D96D2ABD8CB9007BB24F /* SceneDelegate.m in Sources */ = {isa = PBXBuildFile; fileRef = DEC9D96C2ABD8CB9007BB24F /* SceneDelegate.m */; };
		DEC9D9702ABD8CB9007BB24F /* ViewController.m in Sources */ = {isa = PBXBuildFile; fileRef = DEC9D96F2ABD8CB9007BB24F /* ViewController.m */; };
		DEC9D9732ABD8CB9007BB24F /* Main.storyboard in Resources */ = {isa = PBXBuildFile; fileRef = DEC9D9712ABD8CB9007BB24F /* Main.storyboard */; };
		DEC9D9752ABD8CBA007BB24F /* Assets.xcassets in Resources */ = {isa = PBXBuildFile; fileRef = DEC9D9742ABD8CBA007BB24F /* Assets.xcassets */; };
		DEC9D9782ABD8CBA007BB24F /* LaunchScreen.storyboard in Resources */ = {isa = PBXBuildFile; fileRef = DEC9D9762ABD8CBA007BB24F /* LaunchScreen.storyboard */; };
		DEC9D97B2ABD8CBA007BB24F /* main.m in Sources */ = {isa = PBXBuildFile; fileRef = DEC9D97A2ABD8CBA007BB24F /* main.m */; };
		DEC9D9852ABD8CBB007BB24F /* DearIMProjectTests.m in Sources */ = {isa = PBXBuildFile; fileRef = DEC9D9842ABD8CBB007BB24F /* DearIMProjectTests.m */; };
		FCB3577965C471FC1D865C81 /* libPods-DearIMProject.a in Frameworks */ = {isa = PBXBuildFile; fileRef = 1048B87D285A5086BD8328FE /* libPods-DearIMProject.a */; };
/* End PBXBuildFile section */

/* Begin PBXContainerItemProxy section */
		DEC9D9812ABD8CBB007BB24F /* PBXContainerItemProxy */ = {
			isa = PBXContainerItemProxy;
			containerPortal = DEC9D95D2ABD8CB9007BB24F /* Project object */;
			proxyType = 1;
			remoteGlobalIDString = DEC9D9642ABD8CB9007BB24F;
			remoteInfo = DearIMProject;
		};
/* End PBXContainerItemProxy section */

/* Begin PBXFileReference section */
		1048B87D285A5086BD8328FE /* libPods-DearIMProject.a */ = {isa = PBXFileReference; explicitFileType = archive.ar; includeInIndex = 0; path = "libPods-DearIMProject.a"; sourceTree = BUILT_PRODUCTS_DIR; };
		180673E42AF34B2600175CB1 /* MYUserManager.h */ = {isa = PBXFileReference; lastKnownFileType = sourcecode.c.h; path = MYUserManager.h; sourceTree = "<group>"; };
		180673E52AF34B2600175CB1 /* MYUserManager.m */ = {isa = PBXFileReference; lastKnownFileType = sourcecode.c.objc; path = MYUserManager.m; sourceTree = "<group>"; };
		180673ED2AF34D6300175CB1 /* MYUser.h */ = {isa = PBXFileReference; lastKnownFileType = sourcecode.c.h; path = MYUser.h; sourceTree = "<group>"; };
		180673EE2AF34D6300175CB1 /* MYUser.m */ = {isa = PBXFileReference; lastKnownFileType = sourcecode.c.objc; path = MYUser.m; sourceTree = "<group>"; };
		180673F12AF34F6600175CB1 /* MYViewController+MYRouter.h */ = {isa = PBXFileReference; lastKnownFileType = sourcecode.c.h; path = "MYViewController+MYRouter.h"; sourceTree = "<group>"; };
		180673F22AF34F6600175CB1 /* MYViewController+MYRouter.m */ = {isa = PBXFileReference; lastKnownFileType = sourcecode.c.objc; path = "MYViewController+MYRouter.m"; sourceTree = "<group>"; };
		180673F52AF34FC400175CB1 /* MYApplicationManager.h */ = {isa = PBXFileReference; fileEncoding = 4; lastKnownFileType = sourcecode.c.h; path = MYApplicationManager.h; sourceTree = "<group>"; };
		180673F62AF34FC400175CB1 /* MYApplicationManager.m */ = {isa = PBXFileReference; fileEncoding = 4; lastKnownFileType = sourcecode.c.objc; path = MYApplicationManager.m; sourceTree = "<group>"; };
		180673FB2AF3709C00175CB1 /* MYForgetPwdViewController.h */ = {isa = PBXFileReference; lastKnownFileType = sourcecode.c.h; path = MYForgetPwdViewController.h; sourceTree = "<group>"; };
		180673FC2AF3709C00175CB1 /* MYForgetPwdViewController.m */ = {isa = PBXFileReference; lastKnownFileType = sourcecode.c.objc; path = MYForgetPwdViewController.m; sourceTree = "<group>"; };
		180673FD2AF3709C00175CB1 /* MYForgetPwdViewController.xib */ = {isa = PBXFileReference; lastKnownFileType = file.xib; path = MYForgetPwdViewController.xib; sourceTree = "<group>"; };
		180674002AF370D600175CB1 /* MYRegisterViewController.h */ = {isa = PBXFileReference; lastKnownFileType = sourcecode.c.h; path = MYRegisterViewController.h; sourceTree = "<group>"; };
		180674012AF370D600175CB1 /* MYRegisterViewController.m */ = {isa = PBXFileReference; lastKnownFileType = sourcecode.c.objc; path = MYRegisterViewController.m; sourceTree = "<group>"; };
		180674022AF370D600175CB1 /* MYRegisterViewController.xib */ = {isa = PBXFileReference; lastKnownFileType = file.xib; path = MYRegisterViewController.xib; sourceTree = "<group>"; };
		180674062AF3751C00175CB1 /* MYNetworkManager.m */ = {isa = PBXFileReference; fileEncoding = 4; lastKnownFileType = sourcecode.c.objc; path = MYNetworkManager.m; sourceTree = "<group>"; };
		180674072AF3751C00175CB1 /* MYRequest.m */ = {isa = PBXFileReference; fileEncoding = 4; lastKnownFileType = sourcecode.c.objc; path = MYRequest.m; sourceTree = "<group>"; };
		180674082AF3751C00175CB1 /* MYRequest.h */ = {isa = PBXFileReference; fileEncoding = 4; lastKnownFileType = sourcecode.c.h; path = MYRequest.h; sourceTree = "<group>"; };
		180674092AF3751D00175CB1 /* MYNetworkManager.h */ = {isa = PBXFileReference; fileEncoding = 4; lastKnownFileType = sourcecode.c.h; path = MYNetworkManager.h; sourceTree = "<group>"; };
		1806740E2AF3785E00175CB1 /* MYLoginService.h */ = {isa = PBXFileReference; lastKnownFileType = sourcecode.c.h; path = MYLoginService.h; sourceTree = "<group>"; };
		1806740F2AF3785E00175CB1 /* MYLoginService.m */ = {isa = PBXFileReference; lastKnownFileType = sourcecode.c.objc; path = MYLoginService.m; sourceTree = "<group>"; };
		180674122AF37F2E00175CB1 /* MYHomeViewController.h */ = {isa = PBXFileReference; lastKnownFileType = sourcecode.c.h; path = MYHomeViewController.h; sourceTree = "<group>"; };
		180674132AF37F2E00175CB1 /* MYHomeViewController.m */ = {isa = PBXFileReference; lastKnownFileType = sourcecode.c.objc; path = MYHomeViewController.m; sourceTree = "<group>"; };
		180674192AF37FCB00175CB1 /* MYTestChatViewController.h */ = {isa = PBXFileReference; lastKnownFileType = sourcecode.c.h; path = MYTestChatViewController.h; sourceTree = "<group>"; };
		1806741A2AF37FCB00175CB1 /* MYTestChatViewController.m */ = {isa = PBXFileReference; lastKnownFileType = sourcecode.c.objc; path = MYTestChatViewController.m; sourceTree = "<group>"; };
		1806741B2AF37FCB00175CB1 /* MYTestChatViewController.xib */ = {isa = PBXFileReference; lastKnownFileType = file.xib; path = MYTestChatViewController.xib; sourceTree = "<group>"; };
		180674252AF3868400175CB1 /* MYSocketManager.h */ = {isa = PBXFileReference; lastKnownFileType = sourcecode.c.h; path = MYSocketManager.h; sourceTree = "<group>"; };
		180674262AF3868400175CB1 /* MYSocketManager.m */ = {isa = PBXFileReference; lastKnownFileType = sourcecode.c.objc; path = MYSocketManager.m; sourceTree = "<group>"; };
		1808F8392B0DDE28001A2A68 /* MYUser+MYConvert.h */ = {isa = PBXFileReference; lastKnownFileType = sourcecode.c.h; path = "MYUser+MYConvert.h"; sourceTree = "<group>"; };
		1808F83A2B0DDE28001A2A68 /* MYUser+MYConvert.m */ = {isa = PBXFileReference; lastKnownFileType = sourcecode.c.objc; path = "MYUser+MYConvert.m"; sourceTree = "<group>"; };
		1808F83C2B0EDF80001A2A68 /* MYMessage+MYConvert.h */ = {isa = PBXFileReference; lastKnownFileType = sourcecode.c.h; path = "MYMessage+MYConvert.h"; sourceTree = "<group>"; };
		1808F83D2B0EDF80001A2A68 /* MYMessage+MYConvert.m */ = {isa = PBXFileReference; lastKnownFileType = sourcecode.c.objc; path = "MYMessage+MYConvert.m"; sourceTree = "<group>"; };
		1882D5442B05EA1900BC8AC3 /* MYChatManager.h */ = {isa = PBXFileReference; lastKnownFileType = sourcecode.c.h; path = MYChatManager.h; sourceTree = "<group>"; };
		1882D5452B05EA1900BC8AC3 /* MYChatManager.m */ = {isa = PBXFileReference; lastKnownFileType = sourcecode.c.objc; path = MYChatManager.m; sourceTree = "<group>"; };
		1882D5472B05EBAD00BC8AC3 /* MYLoginRequestMessage.h */ = {isa = PBXFileReference; lastKnownFileType = sourcecode.c.h; path = MYLoginRequestMessage.h; sourceTree = "<group>"; };
		1882D5482B05EBAD00BC8AC3 /* MYLoginRequestMessage.m */ = {isa = PBXFileReference; lastKnownFileType = sourcecode.c.objc; path = MYLoginRequestMessage.m; sourceTree = "<group>"; };
		1882D54A2B05EC7000BC8AC3 /* MYMessageFactory.h */ = {isa = PBXFileReference; lastKnownFileType = sourcecode.c.h; path = MYMessageFactory.h; sourceTree = "<group>"; };
		1882D54B2B05EC7000BC8AC3 /* MYMessageFactory.m */ = {isa = PBXFileReference; lastKnownFileType = sourcecode.c.objc; path = MYMessageFactory.m; sourceTree = "<group>"; };
		1882D54D2B05ECFB00BC8AC3 /* MYChatMessage.h */ = {isa = PBXFileReference; lastKnownFileType = sourcecode.c.h; path = MYChatMessage.h; sourceTree = "<group>"; };
		1882D54E2B05ECFB00BC8AC3 /* MYChatMessage.m */ = {isa = PBXFileReference; lastKnownFileType = sourcecode.c.objc; path = MYChatMessage.m; sourceTree = "<group>"; };
		1882D5532B06134300BC8AC3 /* MYChatPersonViewModel.h */ = {isa = PBXFileReference; lastKnownFileType = sourcecode.c.h; path = MYChatPersonViewModel.h; sourceTree = "<group>"; };
		1882D5542B06134300BC8AC3 /* MYChatPersonViewModel.m */ = {isa = PBXFileReference; lastKnownFileType = sourcecode.c.objc; path = MYChatPersonViewModel.m; sourceTree = "<group>"; };
		1882D5572B06136500BC8AC3 /* MYChatPersonDataSource.h */ = {isa = PBXFileReference; lastKnownFileType = sourcecode.c.h; path = MYChatPersonDataSource.h; sourceTree = "<group>"; };
		1882D5582B06136500BC8AC3 /* MYChatPersonDataSource.m */ = {isa = PBXFileReference; lastKnownFileType = sourcecode.c.objc; path = MYChatPersonDataSource.m; sourceTree = "<group>"; };
		1882D5622B06F3F300BC8AC3 /* MYProfileService.h */ = {isa = PBXFileReference; lastKnownFileType = sourcecode.c.h; path = MYProfileService.h; sourceTree = "<group>"; };
		1882D5632B06F3F300BC8AC3 /* MYProfileService.m */ = {isa = PBXFileReference; lastKnownFileType = sourcecode.c.objc; path = MYProfileService.m; sourceTree = "<group>"; };
		1882D5652B06F50000BC8AC3 /* MYProfileDataSource.h */ = {isa = PBXFileReference; lastKnownFileType = sourcecode.c.h; path = MYProfileDataSource.h; sourceTree = "<group>"; };
		1882D5662B06F50000BC8AC3 /* MYProfileDataSource.m */ = {isa = PBXFileReference; lastKnownFileType = sourcecode.c.objc; path = MYProfileDataSource.m; sourceTree = "<group>"; };
		1882D5692B06F5B100BC8AC3 /* MYProfileItemView.h */ = {isa = PBXFileReference; lastKnownFileType = sourcecode.c.h; path = MYProfileItemView.h; sourceTree = "<group>"; };
		1882D56A2B06F5B100BC8AC3 /* MYProfileItemView.m */ = {isa = PBXFileReference; lastKnownFileType = sourcecode.c.objc; path = MYProfileItemView.m; sourceTree = "<group>"; };
		1882D56C2B06F70000BC8AC3 /* MYProfileItemViewModel.h */ = {isa = PBXFileReference; lastKnownFileType = sourcecode.c.h; path = MYProfileItemViewModel.h; sourceTree = "<group>"; };
		1882D56D2B06F70000BC8AC3 /* MYProfileItemViewModel.m */ = {isa = PBXFileReference; lastKnownFileType = sourcecode.c.objc; path = MYProfileItemViewModel.m; sourceTree = "<group>"; };
		1882D5732B07075500BC8AC3 /* MYChatPersonItemView.h */ = {isa = PBXFileReference; lastKnownFileType = sourcecode.c.h; path = MYChatPersonItemView.h; sourceTree = "<group>"; };
		1882D5742B07075500BC8AC3 /* MYChatPersonItemView.m */ = {isa = PBXFileReference; lastKnownFileType = sourcecode.c.objc; path = MYChatPersonItemView.m; sourceTree = "<group>"; };
		1882D5762B07109800BC8AC3 /* MYChatMessageListViewController.h */ = {isa = PBXFileReference; lastKnownFileType = sourcecode.c.h; path = MYChatMessageListViewController.h; sourceTree = "<group>"; };
		1882D5772B07109800BC8AC3 /* MYChatMessageListViewController.m */ = {isa = PBXFileReference; lastKnownFileType = sourcecode.c.objc; path = MYChatMessageListViewController.m; sourceTree = "<group>"; };
		1882D5792B0711AD00BC8AC3 /* MYChatMessageDataSource.h */ = {isa = PBXFileReference; lastKnownFileType = sourcecode.c.h; path = MYChatMessageDataSource.h; sourceTree = "<group>"; };
		1882D57A2B0711AD00BC8AC3 /* MYChatMessageDataSource.m */ = {isa = PBXFileReference; lastKnownFileType = sourcecode.c.objc; path = MYChatMessageDataSource.m; sourceTree = "<group>"; };
		1882D57C2B0711EB00BC8AC3 /* MYChatMessageViewModel.h */ = {isa = PBXFileReference; lastKnownFileType = sourcecode.c.h; path = MYChatMessageViewModel.h; sourceTree = "<group>"; };
		1882D57D2B0711EB00BC8AC3 /* MYChatMessageViewModel.m */ = {isa = PBXFileReference; lastKnownFileType = sourcecode.c.objc; path = MYChatMessageViewModel.m; sourceTree = "<group>"; };
		1882D57F2B07121400BC8AC3 /* MYChatMeMessageItemView.h */ = {isa = PBXFileReference; lastKnownFileType = sourcecode.c.h; path = MYChatMeMessageItemView.h; sourceTree = "<group>"; };
		1882D5802B07121400BC8AC3 /* MYChatMeMessageItemView.m */ = {isa = PBXFileReference; lastKnownFileType = sourcecode.c.objc; path = MYChatMeMessageItemView.m; sourceTree = "<group>"; };
		18B8BEBB2AF8B117000FAAF2 /* MYMessage.h */ = {isa = PBXFileReference; lastKnownFileType = sourcecode.c.h; path = MYMessage.h; sourceTree = "<group>"; };
		18B8BEBC2AF8B117000FAAF2 /* MYMessage.m */ = {isa = PBXFileReference; lastKnownFileType = sourcecode.c.objc; path = MYMessage.m; sourceTree = "<group>"; };
		18B8BEBE2AF8B14D000FAAF2 /* MYMessageEnum.h */ = {isa = PBXFileReference; lastKnownFileType = sourcecode.c.h; path = MYMessageEnum.h; sourceTree = "<group>"; };
		18B8BEBF2AF8D736000FAAF2 /* MYByteBuf.h */ = {isa = PBXFileReference; lastKnownFileType = sourcecode.c.h; path = MYByteBuf.h; sourceTree = "<group>"; };
		18B8BEC02AF8D736000FAAF2 /* MYByteBuf.m */ = {isa = PBXFileReference; lastKnownFileType = sourcecode.c.objc; path = MYByteBuf.m; sourceTree = "<group>"; };
		18C0673F2AF4926D00C3DE3D /* MYHomeTabbarViewController.h */ = {isa = PBXFileReference; lastKnownFileType = sourcecode.c.h; path = MYHomeTabbarViewController.h; sourceTree = "<group>"; };
		18C067402AF4926D00C3DE3D /* MYHomeTabbarViewController.m */ = {isa = PBXFileReference; lastKnownFileType = sourcecode.c.objc; path = MYHomeTabbarViewController.m; sourceTree = "<group>"; };
		18C067422AF4929200C3DE3D /* MYChatPersonListViewController.h */ = {isa = PBXFileReference; lastKnownFileType = sourcecode.c.h; path = MYChatPersonListViewController.h; sourceTree = "<group>"; };
		18C067432AF4929200C3DE3D /* MYChatPersonListViewController.m */ = {isa = PBXFileReference; lastKnownFileType = sourcecode.c.objc; path = MYChatPersonListViewController.m; sourceTree = "<group>"; };
		18C067452AF492D900C3DE3D /* MYProfileViewController.h */ = {isa = PBXFileReference; lastKnownFileType = sourcecode.c.h; path = MYProfileViewController.h; sourceTree = "<group>"; };
		18C067462AF492D900C3DE3D /* MYProfileViewController.m */ = {isa = PBXFileReference; lastKnownFileType = sourcecode.c.objc; path = MYProfileViewController.m; sourceTree = "<group>"; };
		18C067482AF4937700C3DE3D /* zh-Hans */ = {isa = PBXFileReference; lastKnownFileType = text.plist.strings; name = "zh-Hans"; path = "zh-Hans.lproj/Main.strings"; sourceTree = "<group>"; };
		18C067492AF4937800C3DE3D /* zh-Hans */ = {isa = PBXFileReference; lastKnownFileType = text.plist.strings; name = "zh-Hans"; path = "zh-Hans.lproj/LaunchScreen.strings"; sourceTree = "<group>"; };
		18C0674A2AF4937D00C3DE3D /* zh-Hant */ = {isa = PBXFileReference; lastKnownFileType = text.plist.strings; name = "zh-Hant"; path = "zh-Hant.lproj/Main.strings"; sourceTree = "<group>"; };
		18C0674B2AF4937D00C3DE3D /* zh-Hant */ = {isa = PBXFileReference; lastKnownFileType = text.plist.strings; name = "zh-Hant"; path = "zh-Hant.lproj/LaunchScreen.strings"; sourceTree = "<group>"; };
		18C0674F2AF493B900C3DE3D /* en */ = {isa = PBXFileReference; lastKnownFileType = text.plist.strings; name = en; path = en.lproj/InfoPlist.strings; sourceTree = "<group>"; };
		18C067512AF493C200C3DE3D /* zh-Hans */ = {isa = PBXFileReference; lastKnownFileType = text.plist.strings; name = "zh-Hans"; path = "zh-Hans.lproj/InfoPlist.strings"; sourceTree = "<group>"; };
		18C067522AF493C500C3DE3D /* zh-Hant */ = {isa = PBXFileReference; lastKnownFileType = text.plist.strings; name = "zh-Hant"; path = "zh-Hant.lproj/InfoPlist.strings"; sourceTree = "<group>"; };
		18CCD2A32AD29667000BEBB7 /* MYLoginViewController.h */ = {isa = PBXFileReference; lastKnownFileType = sourcecode.c.h; path = MYLoginViewController.h; sourceTree = "<group>"; };
		18CCD2A42AD29667000BEBB7 /* MYLoginViewController.m */ = {isa = PBXFileReference; lastKnownFileType = sourcecode.c.objc; path = MYLoginViewController.m; sourceTree = "<group>"; };
		18CCD2A52AD29667000BEBB7 /* MYLoginViewController.xib */ = {isa = PBXFileReference; lastKnownFileType = file.xib; path = MYLoginViewController.xib; sourceTree = "<group>"; };
		18F5E5E82B0CAACB00B5C063 /* MYChatAnotherMessageItemView.h */ = {isa = PBXFileReference; lastKnownFileType = sourcecode.c.h; path = MYChatAnotherMessageItemView.h; sourceTree = "<group>"; };
		18F5E5E92B0CAACB00B5C063 /* MYChatAnotherMessageItemView.m */ = {isa = PBXFileReference; lastKnownFileType = sourcecode.c.objc; path = MYChatAnotherMessageItemView.m; sourceTree = "<group>"; };
		18F5E5EC2B0D8C2B00B5C063 /* MYChatTextView.h */ = {isa = PBXFileReference; lastKnownFileType = sourcecode.c.h; path = MYChatTextView.h; sourceTree = "<group>"; };
		18F5E5ED2B0D8C2B00B5C063 /* MYChatTextView.m */ = {isa = PBXFileReference; lastKnownFileType = sourcecode.c.objc; path = MYChatTextView.m; sourceTree = "<group>"; };
		319C92CEF69A92A5AC61710A /* Pods-DearIMProject-DearIMProjectUITests.release.xcconfig */ = {isa = PBXFileReference; includeInIndex = 1; lastKnownFileType = text.xcconfig; name = "Pods-DearIMProject-DearIMProjectUITests.release.xcconfig"; path = "Target Support Files/Pods-DearIMProject-DearIMProjectUITests/Pods-DearIMProject-DearIMProjectUITests.release.xcconfig"; sourceTree = "<group>"; };
		5186C6F51ED61DD5AA20560C /* Pods-DearIMProject.release.xcconfig */ = {isa = PBXFileReference; includeInIndex = 1; lastKnownFileType = text.xcconfig; name = "Pods-DearIMProject.release.xcconfig"; path = "Target Support Files/Pods-DearIMProject/Pods-DearIMProject.release.xcconfig"; sourceTree = "<group>"; };
		51EF8D631AA05A431D97D6DE /* Pods-DearIMProject.debug.xcconfig */ = {isa = PBXFileReference; includeInIndex = 1; lastKnownFileType = text.xcconfig; name = "Pods-DearIMProject.debug.xcconfig"; path = "Target Support Files/Pods-DearIMProject/Pods-DearIMProject.debug.xcconfig"; sourceTree = "<group>"; };
		58B831349AF29A578A13CD87 /* MYMessageCodec.m */ = {isa = PBXFileReference; fileEncoding = 4; lastKnownFileType = sourcecode.c.objc; path = MYMessageCodec.m; sourceTree = "<group>"; };
		58B833ED369FBF635256072D /* MYMessageCodec.h */ = {isa = PBXFileReference; fileEncoding = 4; lastKnownFileType = sourcecode.c.h; path = MYMessageCodec.h; sourceTree = "<group>"; };
		7BDD7D70B0CA461C27531EA7 /* libPods-DearIMProjectTests.a */ = {isa = PBXFileReference; explicitFileType = archive.ar; includeInIndex = 0; path = "libPods-DearIMProjectTests.a"; sourceTree = BUILT_PRODUCTS_DIR; };
		93D1B4292F75EEFC7822EFBD /* Pods-DearIMProjectTests.debug.xcconfig */ = {isa = PBXFileReference; includeInIndex = 1; lastKnownFileType = text.xcconfig; name = "Pods-DearIMProjectTests.debug.xcconfig"; path = "Target Support Files/Pods-DearIMProjectTests/Pods-DearIMProjectTests.debug.xcconfig"; sourceTree = "<group>"; };
		AC84BB76969ACFCAAA414FE2 /* Pods-DearIMProject-DearIMProjectUITests.debug.xcconfig */ = {isa = PBXFileReference; includeInIndex = 1; lastKnownFileType = text.xcconfig; name = "Pods-DearIMProject-DearIMProjectUITests.debug.xcconfig"; path = "Target Support Files/Pods-DearIMProject-DearIMProjectUITests/Pods-DearIMProject-DearIMProjectUITests.debug.xcconfig"; sourceTree = "<group>"; };
		D6D4BC308E5C1B130A77CF22 /* libPods-DearIMProject-DearIMProjectUITests.a */ = {isa = PBXFileReference; explicitFileType = archive.ar; includeInIndex = 0; path = "libPods-DearIMProject-DearIMProjectUITests.a"; sourceTree = BUILT_PRODUCTS_DIR; };
		DEC9D9652ABD8CB9007BB24F /* DearIMProject.app */ = {isa = PBXFileReference; explicitFileType = wrapper.application; includeInIndex = 0; path = DearIMProject.app; sourceTree = BUILT_PRODUCTS_DIR; };
		DEC9D9682ABD8CB9007BB24F /* AppDelegate.h */ = {isa = PBXFileReference; lastKnownFileType = sourcecode.c.h; path = AppDelegate.h; sourceTree = "<group>"; };
		DEC9D9692ABD8CB9007BB24F /* AppDelegate.m */ = {isa = PBXFileReference; lastKnownFileType = sourcecode.c.objc; path = AppDelegate.m; sourceTree = "<group>"; };
		DEC9D96B2ABD8CB9007BB24F /* SceneDelegate.h */ = {isa = PBXFileReference; lastKnownFileType = sourcecode.c.h; path = SceneDelegate.h; sourceTree = "<group>"; };
		DEC9D96C2ABD8CB9007BB24F /* SceneDelegate.m */ = {isa = PBXFileReference; lastKnownFileType = sourcecode.c.objc; path = SceneDelegate.m; sourceTree = "<group>"; };
		DEC9D96E2ABD8CB9007BB24F /* ViewController.h */ = {isa = PBXFileReference; lastKnownFileType = sourcecode.c.h; path = ViewController.h; sourceTree = "<group>"; };
		DEC9D96F2ABD8CB9007BB24F /* ViewController.m */ = {isa = PBXFileReference; lastKnownFileType = sourcecode.c.objc; path = ViewController.m; sourceTree = "<group>"; };
		DEC9D9722ABD8CB9007BB24F /* Base */ = {isa = PBXFileReference; lastKnownFileType = file.storyboard; name = Base; path = Base.lproj/Main.storyboard; sourceTree = "<group>"; };
		DEC9D9742ABD8CBA007BB24F /* Assets.xcassets */ = {isa = PBXFileReference; lastKnownFileType = folder.assetcatalog; path = Assets.xcassets; sourceTree = "<group>"; };
		DEC9D9772ABD8CBA007BB24F /* Base */ = {isa = PBXFileReference; lastKnownFileType = file.storyboard; name = Base; path = Base.lproj/LaunchScreen.storyboard; sourceTree = "<group>"; };
		DEC9D9792ABD8CBA007BB24F /* Info.plist */ = {isa = PBXFileReference; lastKnownFileType = text.plist.xml; path = Info.plist; sourceTree = "<group>"; };
		DEC9D97A2ABD8CBA007BB24F /* main.m */ = {isa = PBXFileReference; lastKnownFileType = sourcecode.c.objc; path = main.m; sourceTree = "<group>"; };
		DEC9D9802ABD8CBB007BB24F /* DearIMProjectTests.xctest */ = {isa = PBXFileReference; explicitFileType = wrapper.cfbundle; includeInIndex = 0; path = DearIMProjectTests.xctest; sourceTree = BUILT_PRODUCTS_DIR; };
		DEC9D9842ABD8CBB007BB24F /* DearIMProjectTests.m */ = {isa = PBXFileReference; lastKnownFileType = sourcecode.c.objc; path = DearIMProjectTests.m; sourceTree = "<group>"; };
		F50A882FF06AE2BC258D799F /* Pods-DearIMProjectTests.release.xcconfig */ = {isa = PBXFileReference; includeInIndex = 1; lastKnownFileType = text.xcconfig; name = "Pods-DearIMProjectTests.release.xcconfig"; path = "Target Support Files/Pods-DearIMProjectTests/Pods-DearIMProjectTests.release.xcconfig"; sourceTree = "<group>"; };
/* End PBXFileReference section */

/* Begin PBXFrameworksBuildPhase section */
		DEC9D9622ABD8CB9007BB24F /* Frameworks */ = {
			isa = PBXFrameworksBuildPhase;
			buildActionMask = 2147483647;
			files = (
				FCB3577965C471FC1D865C81 /* libPods-DearIMProject.a in Frameworks */,
			);
			runOnlyForDeploymentPostprocessing = 0;
		};
		DEC9D97D2ABD8CBB007BB24F /* Frameworks */ = {
			isa = PBXFrameworksBuildPhase;
			buildActionMask = 2147483647;
			files = (
				2ACF92EBCFBEB20BEDAE1FD2 /* libPods-DearIMProjectTests.a in Frameworks */,
			);
			runOnlyForDeploymentPostprocessing = 0;
		};
/* End PBXFrameworksBuildPhase section */

/* Begin PBXGroup section */
		180673E32AF34B0900175CB1 /* UserUtils */ = {
			isa = PBXGroup;
			children = (
				1806740D2AF3783B00175CB1 /* Services */,
				180673E42AF34B2600175CB1 /* MYUserManager.h */,
				180673E52AF34B2600175CB1 /* MYUserManager.m */,
				180673ED2AF34D6300175CB1 /* MYUser.h */,
				180673EE2AF34D6300175CB1 /* MYUser.m */,
			);
			path = UserUtils;
			sourceTree = "<group>";
		};
		180673F02AF34F4400175CB1 /* MVVMCategory */ = {
			isa = PBXGroup;
			children = (
				180673F12AF34F6600175CB1 /* MYViewController+MYRouter.h */,
				180673F22AF34F6600175CB1 /* MYViewController+MYRouter.m */,
			);
			path = MVVMCategory;
			sourceTree = "<group>";
		};
		180673F42AF34FB300175CB1 /* Application */ = {
			isa = PBXGroup;
			children = (
				180673F52AF34FC400175CB1 /* MYApplicationManager.h */,
				180673F62AF34FC400175CB1 /* MYApplicationManager.m */,
			);
			path = Application;
			sourceTree = "<group>";
		};
		180674052AF3751C00175CB1 /* Networking */ = {
			isa = PBXGroup;
			children = (
				1806741E2AF3841900175CB1 /* Socket */,
				180674062AF3751C00175CB1 /* MYNetworkManager.m */,
				180674072AF3751C00175CB1 /* MYRequest.m */,
				180674082AF3751C00175CB1 /* MYRequest.h */,
				180674092AF3751D00175CB1 /* MYNetworkManager.h */,
			);
			path = Networking;
			sourceTree = "<group>";
		};
		1806740C2AF3781F00175CB1 /* VCs */ = {
			isa = PBXGroup;
			children = (
				18CCD2A32AD29667000BEBB7 /* MYLoginViewController.h */,
				18CCD2A42AD29667000BEBB7 /* MYLoginViewController.m */,
				18CCD2A52AD29667000BEBB7 /* MYLoginViewController.xib */,
				180673FB2AF3709C00175CB1 /* MYForgetPwdViewController.h */,
				180673FC2AF3709C00175CB1 /* MYForgetPwdViewController.m */,
				180673FD2AF3709C00175CB1 /* MYForgetPwdViewController.xib */,
				180674002AF370D600175CB1 /* MYRegisterViewController.h */,
				180674012AF370D600175CB1 /* MYRegisterViewController.m */,
				180674022AF370D600175CB1 /* MYRegisterViewController.xib */,
			);
			path = VCs;
			sourceTree = "<group>";
		};
		1806740D2AF3783B00175CB1 /* Services */ = {
			isa = PBXGroup;
			children = (
				1806740E2AF3785E00175CB1 /* MYLoginService.h */,
				1806740F2AF3785E00175CB1 /* MYLoginService.m */,
			);
			path = Services;
			sourceTree = "<group>";
		};
		180674112AF37E4000175CB1 /* Home */ = {
			isa = PBXGroup;
			children = (
				1882D55D2B06F39C00BC8AC3 /* Profile */,
				1882D5502B06131100BC8AC3 /* Chat */,
				180674122AF37F2E00175CB1 /* MYHomeViewController.h */,
				180674132AF37F2E00175CB1 /* MYHomeViewController.m */,
				18C0673F2AF4926D00C3DE3D /* MYHomeTabbarViewController.h */,
				18C067402AF4926D00C3DE3D /* MYHomeTabbarViewController.m */,
			);
			path = Home;
			sourceTree = "<group>";
		};
		180674152AF37F9A00175CB1 /* Test */ = {
			isa = PBXGroup;
			children = (
				180674192AF37FCB00175CB1 /* MYTestChatViewController.h */,
				1806741A2AF37FCB00175CB1 /* MYTestChatViewController.m */,
				1806741B2AF37FCB00175CB1 /* MYTestChatViewController.xib */,
			);
			path = Test;
			sourceTree = "<group>";
		};
		1806741E2AF3841900175CB1 /* Socket */ = {
			isa = PBXGroup;
			children = (
				1882D5432B05E99900BC8AC3 /* Messages */,
				180674252AF3868400175CB1 /* MYSocketManager.h */,
				180674262AF3868400175CB1 /* MYSocketManager.m */,
				18B8BEBE2AF8B14D000FAAF2 /* MYMessageEnum.h */,
				58B831349AF29A578A13CD87 /* MYMessageCodec.m */,
				58B833ED369FBF635256072D /* MYMessageCodec.h */,
				18B8BEBF2AF8D736000FAAF2 /* MYByteBuf.h */,
				18B8BEC02AF8D736000FAAF2 /* MYByteBuf.m */,
			);
			path = Socket;
			sourceTree = "<group>";
		};
		1808F8382B0DDE18001A2A68 /* Models */ = {
			isa = PBXGroup;
			children = (
				1808F8392B0DDE28001A2A68 /* MYUser+MYConvert.h */,
				1808F83A2B0DDE28001A2A68 /* MYUser+MYConvert.m */,
				1808F83C2B0EDF80001A2A68 /* MYMessage+MYConvert.h */,
				1808F83D2B0EDF80001A2A68 /* MYMessage+MYConvert.m */,
			);
			path = Models;
			sourceTree = "<group>";
		};
		1882D5422B05E95400BC8AC3 /* Services */ = {
			isa = PBXGroup;
			children = (
				1882D5442B05EA1900BC8AC3 /* MYChatManager.h */,
				1882D5452B05EA1900BC8AC3 /* MYChatManager.m */,
				1882D54A2B05EC7000BC8AC3 /* MYMessageFactory.h */,
				1882D54B2B05EC7000BC8AC3 /* MYMessageFactory.m */,
			);
			path = Services;
			sourceTree = "<group>";
		};
		1882D5432B05E99900BC8AC3 /* Messages */ = {
			isa = PBXGroup;
			children = (
				18B8BEBB2AF8B117000FAAF2 /* MYMessage.h */,
				18B8BEBC2AF8B117000FAAF2 /* MYMessage.m */,
				1882D5472B05EBAD00BC8AC3 /* MYLoginRequestMessage.h */,
				1882D5482B05EBAD00BC8AC3 /* MYLoginRequestMessage.m */,
				1882D54D2B05ECFB00BC8AC3 /* MYChatMessage.h */,
				1882D54E2B05ECFB00BC8AC3 /* MYChatMessage.m */,
			);
			path = Messages;
			sourceTree = "<group>";
		};
		1882D5502B06131100BC8AC3 /* Chat */ = {
			isa = PBXGroup;
			children = (
				1808F8382B0DDE18001A2A68 /* Models */,
				18F5E5EB2B0D8C1600B5C063 /* Views */,
				1882D56F2B0705AE00BC8AC3 /* ItemViews */,
				1882D5562B06134E00BC8AC3 /* DataSources */,
				1882D5522B06132900BC8AC3 /* ViewModels */,
				1882D5512B06131C00BC8AC3 /* Vcs */,
			);
			path = Chat;
			sourceTree = "<group>";
		};
		1882D5512B06131C00BC8AC3 /* Vcs */ = {
			isa = PBXGroup;
			children = (
				18C067422AF4929200C3DE3D /* MYChatPersonListViewController.h */,
				18C067432AF4929200C3DE3D /* MYChatPersonListViewController.m */,
				1882D5762B07109800BC8AC3 /* MYChatMessageListViewController.h */,
				1882D5772B07109800BC8AC3 /* MYChatMessageListViewController.m */,
			);
			path = Vcs;
			sourceTree = "<group>";
		};
		1882D5522B06132900BC8AC3 /* ViewModels */ = {
			isa = PBXGroup;
			children = (
				1882D5532B06134300BC8AC3 /* MYChatPersonViewModel.h */,
				1882D5542B06134300BC8AC3 /* MYChatPersonViewModel.m */,
				1882D57C2B0711EB00BC8AC3 /* MYChatMessageViewModel.h */,
				1882D57D2B0711EB00BC8AC3 /* MYChatMessageViewModel.m */,
			);
			path = ViewModels;
			sourceTree = "<group>";
		};
		1882D5562B06134E00BC8AC3 /* DataSources */ = {
			isa = PBXGroup;
			children = (
				1882D5572B06136500BC8AC3 /* MYChatPersonDataSource.h */,
				1882D5582B06136500BC8AC3 /* MYChatPersonDataSource.m */,
				1882D5792B0711AD00BC8AC3 /* MYChatMessageDataSource.h */,
				1882D57A2B0711AD00BC8AC3 /* MYChatMessageDataSource.m */,
			);
			path = DataSources;
			sourceTree = "<group>";
		};
		1882D55D2B06F39C00BC8AC3 /* Profile */ = {
			isa = PBXGroup;
			children = (
				1882D5682B06F58B00BC8AC3 /* ItemViews */,
				1882D5612B06F3D900BC8AC3 /* Services */,
				1882D5602B06F3C900BC8AC3 /* DataSources */,
				1882D55F2B06F3C300BC8AC3 /* ViewModels */,
				1882D55E2B06F3BB00BC8AC3 /* Vcs */,
				18C067452AF492D900C3DE3D /* MYProfileViewController.h */,
				18C067462AF492D900C3DE3D /* MYProfileViewController.m */,
			);
			path = Profile;
			sourceTree = "<group>";
		};
		1882D55E2B06F3BB00BC8AC3 /* Vcs */ = {
			isa = PBXGroup;
			children = (
			);
			path = Vcs;
			sourceTree = "<group>";
		};
		1882D55F2B06F3C300BC8AC3 /* ViewModels */ = {
			isa = PBXGroup;
			children = (
				1882D56C2B06F70000BC8AC3 /* MYProfileItemViewModel.h */,
				1882D56D2B06F70000BC8AC3 /* MYProfileItemViewModel.m */,
			);
			path = ViewModels;
			sourceTree = "<group>";
		};
		1882D5602B06F3C900BC8AC3 /* DataSources */ = {
			isa = PBXGroup;
			children = (
				1882D5652B06F50000BC8AC3 /* MYProfileDataSource.h */,
				1882D5662B06F50000BC8AC3 /* MYProfileDataSource.m */,
			);
			path = DataSources;
			sourceTree = "<group>";
		};
		1882D5612B06F3D900BC8AC3 /* Services */ = {
			isa = PBXGroup;
			children = (
				1882D5622B06F3F300BC8AC3 /* MYProfileService.h */,
				1882D5632B06F3F300BC8AC3 /* MYProfileService.m */,
			);
			path = Services;
			sourceTree = "<group>";
		};
		1882D5682B06F58B00BC8AC3 /* ItemViews */ = {
			isa = PBXGroup;
			children = (
				1882D5692B06F5B100BC8AC3 /* MYProfileItemView.h */,
				1882D56A2B06F5B100BC8AC3 /* MYProfileItemView.m */,
			);
			path = ItemViews;
			sourceTree = "<group>";
		};
		1882D56F2B0705AE00BC8AC3 /* ItemViews */ = {
			isa = PBXGroup;
			children = (
				1882D5732B07075500BC8AC3 /* MYChatPersonItemView.h */,
				1882D5742B07075500BC8AC3 /* MYChatPersonItemView.m */,
				1882D57F2B07121400BC8AC3 /* MYChatMeMessageItemView.h */,
				1882D5802B07121400BC8AC3 /* MYChatMeMessageItemView.m */,
				18F5E5E82B0CAACB00B5C063 /* MYChatAnotherMessageItemView.h */,
				18F5E5E92B0CAACB00B5C063 /* MYChatAnotherMessageItemView.m */,
			);
			path = ItemViews;
			sourceTree = "<group>";
		};
		18CCD2A22AD29633000BEBB7 /* Login */ = {
			isa = PBXGroup;
			children = (
				1806740C2AF3781F00175CB1 /* VCs */,
			);
			path = Login;
			sourceTree = "<group>";
		};
		18F5E5EB2B0D8C1600B5C063 /* Views */ = {
			isa = PBXGroup;
			children = (
				18F5E5EC2B0D8C2B00B5C063 /* MYChatTextView.h */,
				18F5E5ED2B0D8C2B00B5C063 /* MYChatTextView.m */,
			);
			path = Views;
			sourceTree = "<group>";
		};
		7B0DBA7DB9EC8CF25CB993FF /* Pods */ = {
			isa = PBXGroup;
			children = (
				51EF8D631AA05A431D97D6DE /* Pods-DearIMProject.debug.xcconfig */,
				5186C6F51ED61DD5AA20560C /* Pods-DearIMProject.release.xcconfig */,
				AC84BB76969ACFCAAA414FE2 /* Pods-DearIMProject-DearIMProjectUITests.debug.xcconfig */,
				319C92CEF69A92A5AC61710A /* Pods-DearIMProject-DearIMProjectUITests.release.xcconfig */,
				93D1B4292F75EEFC7822EFBD /* Pods-DearIMProjectTests.debug.xcconfig */,
				F50A882FF06AE2BC258D799F /* Pods-DearIMProjectTests.release.xcconfig */,
			);
			path = Pods;
			sourceTree = "<group>";
		};
		DEC9D95C2ABD8CB9007BB24F = {
			isa = PBXGroup;
			children = (
				DEC9D9672ABD8CB9007BB24F /* DearIMProject */,
				DEC9D9832ABD8CBB007BB24F /* DearIMProjectTests */,
				DEC9D9662ABD8CB9007BB24F /* Products */,
				7B0DBA7DB9EC8CF25CB993FF /* Pods */,
				E5E962F888696D2A3F7C9A15 /* Frameworks */,
			);
			sourceTree = "<group>";
		};
		DEC9D9662ABD8CB9007BB24F /* Products */ = {
			isa = PBXGroup;
			children = (
				DEC9D9652ABD8CB9007BB24F /* DearIMProject.app */,
				DEC9D9802ABD8CBB007BB24F /* DearIMProjectTests.xctest */,
			);
			name = Products;
			sourceTree = "<group>";
		};
		DEC9D9672ABD8CB9007BB24F /* DearIMProject */ = {
			isa = PBXGroup;
			children = (
				1882D5422B05E95400BC8AC3 /* Services */,
				180674152AF37F9A00175CB1 /* Test */,
				180674112AF37E4000175CB1 /* Home */,
				180674052AF3751C00175CB1 /* Networking */,
				180673F42AF34FB300175CB1 /* Application */,
				180673F02AF34F4400175CB1 /* MVVMCategory */,
				180673E32AF34B0900175CB1 /* UserUtils */,
				18CCD2A22AD29633000BEBB7 /* Login */,
				DEC9D9682ABD8CB9007BB24F /* AppDelegate.h */,
				DEC9D9692ABD8CB9007BB24F /* AppDelegate.m */,
				DEC9D96B2ABD8CB9007BB24F /* SceneDelegate.h */,
				DEC9D96C2ABD8CB9007BB24F /* SceneDelegate.m */,
				DEC9D96E2ABD8CB9007BB24F /* ViewController.h */,
				DEC9D96F2ABD8CB9007BB24F /* ViewController.m */,
				DEC9D9712ABD8CB9007BB24F /* Main.storyboard */,
				DEC9D9742ABD8CBA007BB24F /* Assets.xcassets */,
				DEC9D9762ABD8CBA007BB24F /* LaunchScreen.storyboard */,
				DEC9D9792ABD8CBA007BB24F /* Info.plist */,
				DEC9D97A2ABD8CBA007BB24F /* main.m */,
				18C067502AF493B900C3DE3D /* InfoPlist.strings */,
			);
			path = DearIMProject;
			sourceTree = "<group>";
		};
		DEC9D9832ABD8CBB007BB24F /* DearIMProjectTests */ = {
			isa = PBXGroup;
			children = (
				DEC9D9842ABD8CBB007BB24F /* DearIMProjectTests.m */,
			);
			path = DearIMProjectTests;
			sourceTree = "<group>";
		};
		E5E962F888696D2A3F7C9A15 /* Frameworks */ = {
			isa = PBXGroup;
			children = (
				D6D4BC308E5C1B130A77CF22 /* libPods-DearIMProject-DearIMProjectUITests.a */,
				1048B87D285A5086BD8328FE /* libPods-DearIMProject.a */,
				7BDD7D70B0CA461C27531EA7 /* libPods-DearIMProjectTests.a */,
			);
			name = Frameworks;
			sourceTree = "<group>";
		};
/* End PBXGroup section */

/* Begin PBXNativeTarget section */
		DEC9D9642ABD8CB9007BB24F /* DearIMProject */ = {
			isa = PBXNativeTarget;
			buildConfigurationList = DEC9D9942ABD8CBB007BB24F /* Build configuration list for PBXNativeTarget "DearIMProject" */;
			buildPhases = (
				F1F27F91AD415298BF46D004 /* [CP] Check Pods Manifest.lock */,
				DEC9D9612ABD8CB9007BB24F /* Sources */,
				DEC9D9622ABD8CB9007BB24F /* Frameworks */,
				DEC9D9632ABD8CB9007BB24F /* Resources */,
				D8E6E84C8E370E9DDD1C2DC0 /* [CP] Copy Pods Resources */,
			);
			buildRules = (
			);
			dependencies = (
			);
			name = DearIMProject;
			productName = DearIMProject;
			productReference = DEC9D9652ABD8CB9007BB24F /* DearIMProject.app */;
			productType = "com.apple.product-type.application";
		};
		DEC9D97F2ABD8CBB007BB24F /* DearIMProjectTests */ = {
			isa = PBXNativeTarget;
			buildConfigurationList = DEC9D9972ABD8CBB007BB24F /* Build configuration list for PBXNativeTarget "DearIMProjectTests" */;
			buildPhases = (
				B0AE168548A95424D31FC246 /* [CP] Check Pods Manifest.lock */,
				DEC9D97C2ABD8CBB007BB24F /* Sources */,
				DEC9D97D2ABD8CBB007BB24F /* Frameworks */,
				DEC9D97E2ABD8CBB007BB24F /* Resources */,
			);
			buildRules = (
			);
			dependencies = (
				DEC9D9822ABD8CBB007BB24F /* PBXTargetDependency */,
			);
			name = DearIMProjectTests;
			productName = DearIMProjectTests;
			productReference = DEC9D9802ABD8CBB007BB24F /* DearIMProjectTests.xctest */;
			productType = "com.apple.product-type.bundle.unit-test";
		};
/* End PBXNativeTarget section */

/* Begin PBXProject section */
		DEC9D95D2ABD8CB9007BB24F /* Project object */ = {
			isa = PBXProject;
			attributes = {
				BuildIndependentTargetsInParallel = 1;
				LastUpgradeCheck = 1500;
				TargetAttributes = {
					DEC9D9642ABD8CB9007BB24F = {
						CreatedOnToolsVersion = 15.0;
					};
					DEC9D97F2ABD8CBB007BB24F = {
						CreatedOnToolsVersion = 15.0;
						TestTargetID = DEC9D9642ABD8CB9007BB24F;
					};
				};
			};
			buildConfigurationList = DEC9D9602ABD8CB9007BB24F /* Build configuration list for PBXProject "DearIMProject" */;
			compatibilityVersion = "Xcode 14.0";
			developmentRegion = en;
			hasScannedForEncodings = 0;
			knownRegions = (
				en,
				Base,
				"zh-Hans",
				"zh-Hant",
			);
			mainGroup = DEC9D95C2ABD8CB9007BB24F;
			productRefGroup = DEC9D9662ABD8CB9007BB24F /* Products */;
			projectDirPath = "";
			projectRoot = "";
			targets = (
				DEC9D9642ABD8CB9007BB24F /* DearIMProject */,
				DEC9D97F2ABD8CBB007BB24F /* DearIMProjectTests */,
			);
		};
/* End PBXProject section */

/* Begin PBXResourcesBuildPhase section */
		DEC9D9632ABD8CB9007BB24F /* Resources */ = {
			isa = PBXResourcesBuildPhase;
			buildActionMask = 2147483647;
			files = (
				DEC9D9782ABD8CBA007BB24F /* LaunchScreen.storyboard in Resources */,
				18C0674E2AF493B900C3DE3D /* InfoPlist.strings in Resources */,
				1806741D2AF37FCB00175CB1 /* MYTestChatViewController.xib in Resources */,
				DEC9D9752ABD8CBA007BB24F /* Assets.xcassets in Resources */,
				DEC9D9732ABD8CB9007BB24F /* Main.storyboard in Resources */,
				180674042AF370D600175CB1 /* MYRegisterViewController.xib in Resources */,
				18CCD2A72AD29667000BEBB7 /* MYLoginViewController.xib in Resources */,
				180673FF2AF3709C00175CB1 /* MYForgetPwdViewController.xib in Resources */,
			);
			runOnlyForDeploymentPostprocessing = 0;
		};
		DEC9D97E2ABD8CBB007BB24F /* Resources */ = {
			isa = PBXResourcesBuildPhase;
			buildActionMask = 2147483647;
			files = (
			);
			runOnlyForDeploymentPostprocessing = 0;
		};
/* End PBXResourcesBuildPhase section */

/* Begin PBXShellScriptBuildPhase section */
		B0AE168548A95424D31FC246 /* [CP] Check Pods Manifest.lock */ = {
			isa = PBXShellScriptBuildPhase;
			buildActionMask = 2147483647;
			files = (
			);
			inputFileListPaths = (
			);
			inputPaths = (
				"${PODS_PODFILE_DIR_PATH}/Podfile.lock",
				"${PODS_ROOT}/Manifest.lock",
			);
			name = "[CP] Check Pods Manifest.lock";
			outputFileListPaths = (
			);
			outputPaths = (
				"$(DERIVED_FILE_DIR)/Pods-DearIMProjectTests-checkManifestLockResult.txt",
			);
			runOnlyForDeploymentPostprocessing = 0;
			shellPath = /bin/sh;
			shellScript = "diff \"${PODS_PODFILE_DIR_PATH}/Podfile.lock\" \"${PODS_ROOT}/Manifest.lock\" > /dev/null\nif [ $? != 0 ] ; then\n    # print error to STDERR\n    echo \"error: The sandbox is not in sync with the Podfile.lock. Run 'pod install' or update your CocoaPods installation.\" >&2\n    exit 1\nfi\n# This output is used by Xcode 'outputs' to avoid re-running this script phase.\necho \"SUCCESS\" > \"${SCRIPT_OUTPUT_FILE_0}\"\n";
			showEnvVarsInLog = 0;
		};
		D8E6E84C8E370E9DDD1C2DC0 /* [CP] Copy Pods Resources */ = {
			isa = PBXShellScriptBuildPhase;
			buildActionMask = 2147483647;
			files = (
			);
			inputFileListPaths = (
				"${PODS_ROOT}/Target Support Files/Pods-DearIMProject/Pods-DearIMProject-resources-${CONFIGURATION}-input-files.xcfilelist",
			);
			name = "[CP] Copy Pods Resources";
			outputFileListPaths = (
				"${PODS_ROOT}/Target Support Files/Pods-DearIMProject/Pods-DearIMProject-resources-${CONFIGURATION}-output-files.xcfilelist",
			);
			runOnlyForDeploymentPostprocessing = 0;
			shellPath = /bin/sh;
			shellScript = "\"${PODS_ROOT}/Target Support Files/Pods-DearIMProject/Pods-DearIMProject-resources.sh\"\n";
			showEnvVarsInLog = 0;
		};
		F1F27F91AD415298BF46D004 /* [CP] Check Pods Manifest.lock */ = {
			isa = PBXShellScriptBuildPhase;
			buildActionMask = 2147483647;
			files = (
			);
			inputFileListPaths = (
			);
			inputPaths = (
				"${PODS_PODFILE_DIR_PATH}/Podfile.lock",
				"${PODS_ROOT}/Manifest.lock",
			);
			name = "[CP] Check Pods Manifest.lock";
			outputFileListPaths = (
			);
			outputPaths = (
				"$(DERIVED_FILE_DIR)/Pods-DearIMProject-checkManifestLockResult.txt",
			);
			runOnlyForDeploymentPostprocessing = 0;
			shellPath = /bin/sh;
			shellScript = "diff \"${PODS_PODFILE_DIR_PATH}/Podfile.lock\" \"${PODS_ROOT}/Manifest.lock\" > /dev/null\nif [ $? != 0 ] ; then\n    # print error to STDERR\n    echo \"error: The sandbox is not in sync with the Podfile.lock. Run 'pod install' or update your CocoaPods installation.\" >&2\n    exit 1\nfi\n# This output is used by Xcode 'outputs' to avoid re-running this script phase.\necho \"SUCCESS\" > \"${SCRIPT_OUTPUT_FILE_0}\"\n";
			showEnvVarsInLog = 0;
		};
/* End PBXShellScriptBuildPhase section */

/* Begin PBXSourcesBuildPhase section */
		DEC9D9612ABD8CB9007BB24F /* Sources */ = {
			isa = PBXSourcesBuildPhase;
			buildActionMask = 2147483647;
			files = (
				1808F83B2B0DDE28001A2A68 /* MYUser+MYConvert.m in Sources */,
				1882D5492B05EBAD00BC8AC3 /* MYLoginRequestMessage.m in Sources */,
				180673EF2AF34D6300175CB1 /* MYUser.m in Sources */,
				18F5E5EA2B0CAACB00B5C063 /* MYChatAnotherMessageItemView.m in Sources */,
				180674102AF3785E00175CB1 /* MYLoginService.m in Sources */,
				1808F83E2B0EDF80001A2A68 /* MYMessage+MYConvert.m in Sources */,
				180673F72AF34FC400175CB1 /* MYApplicationManager.m in Sources */,
				1882D54C2B05EC7000BC8AC3 /* MYMessageFactory.m in Sources */,
				180673E62AF34B2600175CB1 /* MYUserManager.m in Sources */,
				180674142AF37F2E00175CB1 /* MYHomeViewController.m in Sources */,
				1882D57E2B0711EB00BC8AC3 /* MYChatMessageViewModel.m in Sources */,
				18F5E5EE2B0D8C2B00B5C063 /* MYChatTextView.m in Sources */,
				1882D5552B06134300BC8AC3 /* MYChatPersonViewModel.m in Sources */,
				18C067442AF4929200C3DE3D /* MYChatPersonListViewController.m in Sources */,
				1882D56B2B06F5B100BC8AC3 /* MYProfileItemView.m in Sources */,
				1882D54F2B05ECFB00BC8AC3 /* MYChatMessage.m in Sources */,
				DEC9D9702ABD8CB9007BB24F /* ViewController.m in Sources */,
				1806740A2AF3751D00175CB1 /* MYNetworkManager.m in Sources */,
				180673F32AF34F6600175CB1 /* MYViewController+MYRouter.m in Sources */,
				1882D57B2B0711AD00BC8AC3 /* MYChatMessageDataSource.m in Sources */,
				DEC9D96A2ABD8CB9007BB24F /* AppDelegate.m in Sources */,
				1882D5812B07121400BC8AC3 /* MYChatMeMessageItemView.m in Sources */,
				18C067472AF492D900C3DE3D /* MYProfileViewController.m in Sources */,
				1882D5752B07075500BC8AC3 /* MYChatPersonItemView.m in Sources */,
				18C067412AF4926D00C3DE3D /* MYHomeTabbarViewController.m in Sources */,
				18CCD2A62AD29667000BEBB7 /* MYLoginViewController.m in Sources */,
				1882D5672B06F50000BC8AC3 /* MYProfileDataSource.m in Sources */,
				1806741C2AF37FCB00175CB1 /* MYTestChatViewController.m in Sources */,
				DEC9D97B2ABD8CBA007BB24F /* main.m in Sources */,
				180674272AF3868400175CB1 /* MYSocketManager.m in Sources */,
				1882D56E2B06F70000BC8AC3 /* MYProfileItemViewModel.m in Sources */,
				180674032AF370D600175CB1 /* MYRegisterViewController.m in Sources */,
				1882D5592B06136500BC8AC3 /* MYChatPersonDataSource.m in Sources */,
				DEC9D96D2ABD8CB9007BB24F /* SceneDelegate.m in Sources */,
				18B8BEBD2AF8B117000FAAF2 /* MYMessage.m in Sources */,
				1882D5462B05EA1900BC8AC3 /* MYChatManager.m in Sources */,
				1806740B2AF3751D00175CB1 /* MYRequest.m in Sources */,
				1882D5642B06F3F300BC8AC3 /* MYProfileService.m in Sources */,
				1882D5782B07109800BC8AC3 /* MYChatMessageListViewController.m in Sources */,
				180673FE2AF3709C00175CB1 /* MYForgetPwdViewController.m in Sources */,
				58B8352A62149F74A2EA43A4 /* MYMessageCodec.m in Sources */,
				18B8BEC12AF8D736000FAAF2 /* MYByteBuf.m in Sources */,
			);
			runOnlyForDeploymentPostprocessing = 0;
		};
		DEC9D97C2ABD8CBB007BB24F /* Sources */ = {
			isa = PBXSourcesBuildPhase;
			buildActionMask = 2147483647;
			files = (
				DEC9D9852ABD8CBB007BB24F /* DearIMProjectTests.m in Sources */,
			);
			runOnlyForDeploymentPostprocessing = 0;
		};
/* End PBXSourcesBuildPhase section */

/* Begin PBXTargetDependency section */
		DEC9D9822ABD8CBB007BB24F /* PBXTargetDependency */ = {
			isa = PBXTargetDependency;
			target = DEC9D9642ABD8CB9007BB24F /* DearIMProject */;
			targetProxy = DEC9D9812ABD8CBB007BB24F /* PBXContainerItemProxy */;
		};
/* End PBXTargetDependency section */

/* Begin PBXVariantGroup section */
		18C067502AF493B900C3DE3D /* InfoPlist.strings */ = {
			isa = PBXVariantGroup;
			children = (
				18C0674F2AF493B900C3DE3D /* en */,
				18C067512AF493C200C3DE3D /* zh-Hans */,
				18C067522AF493C500C3DE3D /* zh-Hant */,
			);
			name = InfoPlist.strings;
			sourceTree = "<group>";
		};
		DEC9D9712ABD8CB9007BB24F /* Main.storyboard */ = {
			isa = PBXVariantGroup;
			children = (
				DEC9D9722ABD8CB9007BB24F /* Base */,
				18C067482AF4937700C3DE3D /* zh-Hans */,
				18C0674A2AF4937D00C3DE3D /* zh-Hant */,
			);
			name = Main.storyboard;
			sourceTree = "<group>";
		};
		DEC9D9762ABD8CBA007BB24F /* LaunchScreen.storyboard */ = {
			isa = PBXVariantGroup;
			children = (
				DEC9D9772ABD8CBA007BB24F /* Base */,
				18C067492AF4937800C3DE3D /* zh-Hans */,
				18C0674B2AF4937D00C3DE3D /* zh-Hant */,
			);
			name = LaunchScreen.storyboard;
			sourceTree = "<group>";
		};
/* End PBXVariantGroup section */

/* Begin XCBuildConfiguration section */
		DEC9D9922ABD8CBB007BB24F /* Debug */ = {
			isa = XCBuildConfiguration;
			buildSettings = {
				ALWAYS_SEARCH_USER_PATHS = NO;
				ASSETCATALOG_COMPILER_GENERATE_SWIFT_ASSET_SYMBOL_EXTENSIONS = YES;
				CLANG_ANALYZER_LOCALIZABILITY_NONLOCALIZED = YES;
				CLANG_ANALYZER_NONNULL = YES;
				CLANG_ANALYZER_NUMBER_OBJECT_CONVERSION = YES_AGGRESSIVE;
				CLANG_CXX_LANGUAGE_STANDARD = "gnu++20";
				CLANG_ENABLE_MODULES = YES;
				CLANG_ENABLE_OBJC_ARC = YES;
				CLANG_ENABLE_OBJC_WEAK = YES;
				CLANG_WARN_BLOCK_CAPTURE_AUTORELEASING = YES;
				CLANG_WARN_BOOL_CONVERSION = YES;
				CLANG_WARN_COMMA = YES;
				CLANG_WARN_CONSTANT_CONVERSION = YES;
				CLANG_WARN_DEPRECATED_OBJC_IMPLEMENTATIONS = YES;
				CLANG_WARN_DIRECT_OBJC_ISA_USAGE = YES_ERROR;
				CLANG_WARN_DOCUMENTATION_COMMENTS = YES;
				CLANG_WARN_EMPTY_BODY = YES;
				CLANG_WARN_ENUM_CONVERSION = YES;
				CLANG_WARN_INFINITE_RECURSION = YES;
				CLANG_WARN_INT_CONVERSION = YES;
				CLANG_WARN_NON_LITERAL_NULL_CONVERSION = YES;
				CLANG_WARN_OBJC_IMPLICIT_RETAIN_SELF = YES;
				CLANG_WARN_OBJC_LITERAL_CONVERSION = YES;
				CLANG_WARN_OBJC_ROOT_CLASS = YES_ERROR;
				CLANG_WARN_QUOTED_INCLUDE_IN_FRAMEWORK_HEADER = YES;
				CLANG_WARN_RANGE_LOOP_ANALYSIS = YES;
				CLANG_WARN_STRICT_PROTOTYPES = YES;
				CLANG_WARN_SUSPICIOUS_MOVE = YES;
				CLANG_WARN_UNGUARDED_AVAILABILITY = YES_AGGRESSIVE;
				CLANG_WARN_UNREACHABLE_CODE = YES;
				CLANG_WARN__DUPLICATE_METHOD_MATCH = YES;
				COPY_PHASE_STRIP = NO;
				DEBUG_INFORMATION_FORMAT = dwarf;
				ENABLE_STRICT_OBJC_MSGSEND = YES;
				ENABLE_TESTABILITY = YES;
				ENABLE_USER_SCRIPT_SANDBOXING = YES;
				GCC_C_LANGUAGE_STANDARD = gnu17;
				GCC_DYNAMIC_NO_PIC = NO;
				GCC_NO_COMMON_BLOCKS = YES;
				GCC_OPTIMIZATION_LEVEL = 0;
				GCC_PREPROCESSOR_DEFINITIONS = (
					"DEBUG=1",
					"$(inherited)",
				);
				GCC_WARN_64_TO_32_BIT_CONVERSION = YES;
				GCC_WARN_ABOUT_RETURN_TYPE = YES_ERROR;
				GCC_WARN_UNDECLARED_SELECTOR = YES;
				GCC_WARN_UNINITIALIZED_AUTOS = YES_AGGRESSIVE;
				GCC_WARN_UNUSED_FUNCTION = YES;
				GCC_WARN_UNUSED_VARIABLE = YES;
				IPHONEOS_DEPLOYMENT_TARGET = 17.0;
				LOCALIZATION_PREFERS_STRING_CATALOGS = YES;
				MTL_ENABLE_DEBUG_INFO = INCLUDE_SOURCE;
				MTL_FAST_MATH = YES;
				ONLY_ACTIVE_ARCH = YES;
				SDKROOT = iphoneos;
			};
			name = Debug;
		};
		DEC9D9932ABD8CBB007BB24F /* Release */ = {
			isa = XCBuildConfiguration;
			buildSettings = {
				ALWAYS_SEARCH_USER_PATHS = NO;
				ASSETCATALOG_COMPILER_GENERATE_SWIFT_ASSET_SYMBOL_EXTENSIONS = YES;
				CLANG_ANALYZER_LOCALIZABILITY_NONLOCALIZED = YES;
				CLANG_ANALYZER_NONNULL = YES;
				CLANG_ANALYZER_NUMBER_OBJECT_CONVERSION = YES_AGGRESSIVE;
				CLANG_CXX_LANGUAGE_STANDARD = "gnu++20";
				CLANG_ENABLE_MODULES = YES;
				CLANG_ENABLE_OBJC_ARC = YES;
				CLANG_ENABLE_OBJC_WEAK = YES;
				CLANG_WARN_BLOCK_CAPTURE_AUTORELEASING = YES;
				CLANG_WARN_BOOL_CONVERSION = YES;
				CLANG_WARN_COMMA = YES;
				CLANG_WARN_CONSTANT_CONVERSION = YES;
				CLANG_WARN_DEPRECATED_OBJC_IMPLEMENTATIONS = YES;
				CLANG_WARN_DIRECT_OBJC_ISA_USAGE = YES_ERROR;
				CLANG_WARN_DOCUMENTATION_COMMENTS = YES;
				CLANG_WARN_EMPTY_BODY = YES;
				CLANG_WARN_ENUM_CONVERSION = YES;
				CLANG_WARN_INFINITE_RECURSION = YES;
				CLANG_WARN_INT_CONVERSION = YES;
				CLANG_WARN_NON_LITERAL_NULL_CONVERSION = YES;
				CLANG_WARN_OBJC_IMPLICIT_RETAIN_SELF = YES;
				CLANG_WARN_OBJC_LITERAL_CONVERSION = YES;
				CLANG_WARN_OBJC_ROOT_CLASS = YES_ERROR;
				CLANG_WARN_QUOTED_INCLUDE_IN_FRAMEWORK_HEADER = YES;
				CLANG_WARN_RANGE_LOOP_ANALYSIS = YES;
				CLANG_WARN_STRICT_PROTOTYPES = YES;
				CLANG_WARN_SUSPICIOUS_MOVE = YES;
				CLANG_WARN_UNGUARDED_AVAILABILITY = YES_AGGRESSIVE;
				CLANG_WARN_UNREACHABLE_CODE = YES;
				CLANG_WARN__DUPLICATE_METHOD_MATCH = YES;
				COPY_PHASE_STRIP = NO;
				DEBUG_INFORMATION_FORMAT = "dwarf-with-dsym";
				ENABLE_NS_ASSERTIONS = NO;
				ENABLE_STRICT_OBJC_MSGSEND = YES;
				ENABLE_USER_SCRIPT_SANDBOXING = YES;
				GCC_C_LANGUAGE_STANDARD = gnu17;
				GCC_NO_COMMON_BLOCKS = YES;
				GCC_WARN_64_TO_32_BIT_CONVERSION = YES;
				GCC_WARN_ABOUT_RETURN_TYPE = YES_ERROR;
				GCC_WARN_UNDECLARED_SELECTOR = YES;
				GCC_WARN_UNINITIALIZED_AUTOS = YES_AGGRESSIVE;
				GCC_WARN_UNUSED_FUNCTION = YES;
				GCC_WARN_UNUSED_VARIABLE = YES;
				IPHONEOS_DEPLOYMENT_TARGET = 17.0;
				LOCALIZATION_PREFERS_STRING_CATALOGS = YES;
				MTL_ENABLE_DEBUG_INFO = NO;
				MTL_FAST_MATH = YES;
				SDKROOT = iphoneos;
				VALIDATE_PRODUCT = YES;
			};
			name = Release;
		};
		DEC9D9952ABD8CBB007BB24F /* Debug */ = {
			isa = XCBuildConfiguration;
			baseConfigurationReference = 51EF8D631AA05A431D97D6DE /* Pods-DearIMProject.debug.xcconfig */;
			buildSettings = {
				ASSETCATALOG_COMPILER_APPICON_NAME = AppIcon;
				ASSETCATALOG_COMPILER_GLOBAL_ACCENT_COLOR_NAME = AccentColor;
				CODE_SIGN_STYLE = Automatic;
				CURRENT_PROJECT_VERSION = 1;
				DEVELOPMENT_TEAM = YU53J7686A;
				ENABLE_USER_SCRIPT_SANDBOXING = NO;
				FRAMEWORK_SEARCH_PATHS = "$(PLATFORM_DIR)/Developer/Library/Frameworks";
				GENERATE_INFOPLIST_FILE = YES;
				INFOPLIST_FILE = DearIMProject/Info.plist;
				INFOPLIST_KEY_UIApplicationSupportsIndirectInputEvents = YES;
				INFOPLIST_KEY_UILaunchStoryboardName = LaunchScreen;
				INFOPLIST_KEY_UIMainStoryboardFile = Main;
				INFOPLIST_KEY_UISupportedInterfaceOrientations_iPad = "UIInterfaceOrientationPortrait UIInterfaceOrientationPortraitUpsideDown UIInterfaceOrientationLandscapeLeft UIInterfaceOrientationLandscapeRight";
				INFOPLIST_KEY_UISupportedInterfaceOrientations_iPhone = "UIInterfaceOrientationPortrait UIInterfaceOrientationLandscapeLeft UIInterfaceOrientationLandscapeRight";
				IPHONEOS_DEPLOYMENT_TARGET = 15.0;
				LD_RUNPATH_SEARCH_PATHS = (
					"$(inherited)",
					"@executable_path/Frameworks",
				);
				MARKETING_VERSION = 1.0;
				PRODUCT_BUNDLE_IDENTIFIER = com.wmy.study.DearIMProject;
				PRODUCT_NAME = "$(TARGET_NAME)";
				SWIFT_EMIT_LOC_STRINGS = YES;
				TARGETED_DEVICE_FAMILY = "1,2";
			};
			name = Debug;
		};
		DEC9D9962ABD8CBB007BB24F /* Release */ = {
			isa = XCBuildConfiguration;
			baseConfigurationReference = 5186C6F51ED61DD5AA20560C /* Pods-DearIMProject.release.xcconfig */;
			buildSettings = {
				ASSETCATALOG_COMPILER_APPICON_NAME = AppIcon;
				ASSETCATALOG_COMPILER_GLOBAL_ACCENT_COLOR_NAME = AccentColor;
				CODE_SIGN_STYLE = Automatic;
				CURRENT_PROJECT_VERSION = 1;
				DEVELOPMENT_TEAM = YU53J7686A;
				ENABLE_USER_SCRIPT_SANDBOXING = NO;
				FRAMEWORK_SEARCH_PATHS = "$(PLATFORM_DIR)/Developer/Library/Frameworks";
				GENERATE_INFOPLIST_FILE = YES;
				INFOPLIST_FILE = DearIMProject/Info.plist;
				INFOPLIST_KEY_UIApplicationSupportsIndirectInputEvents = YES;
				INFOPLIST_KEY_UILaunchStoryboardName = LaunchScreen;
				INFOPLIST_KEY_UIMainStoryboardFile = Main;
				INFOPLIST_KEY_UISupportedInterfaceOrientations_iPad = "UIInterfaceOrientationPortrait UIInterfaceOrientationPortraitUpsideDown UIInterfaceOrientationLandscapeLeft UIInterfaceOrientationLandscapeRight";
				INFOPLIST_KEY_UISupportedInterfaceOrientations_iPhone = "UIInterfaceOrientationPortrait UIInterfaceOrientationLandscapeLeft UIInterfaceOrientationLandscapeRight";
				IPHONEOS_DEPLOYMENT_TARGET = 15.0;
				LD_RUNPATH_SEARCH_PATHS = (
					"$(inherited)",
					"@executable_path/Frameworks",
				);
				MARKETING_VERSION = 1.0;
				PRODUCT_BUNDLE_IDENTIFIER = com.wmy.study.DearIMProject;
				PRODUCT_NAME = "$(TARGET_NAME)";
				SWIFT_EMIT_LOC_STRINGS = YES;
				TARGETED_DEVICE_FAMILY = "1,2";
			};
			name = Release;
		};
		DEC9D9982ABD8CBB007BB24F /* Debug */ = {
			isa = XCBuildConfiguration;
			baseConfigurationReference = 93D1B4292F75EEFC7822EFBD /* Pods-DearIMProjectTests.debug.xcconfig */;
			buildSettings = {
				BUNDLE_LOADER = "$(TEST_HOST)";
				CODE_SIGN_STYLE = Automatic;
				CURRENT_PROJECT_VERSION = 1;
				DEVELOPMENT_TEAM = AH8FHU45PG;
				FRAMEWORK_SEARCH_PATHS = "$(PLATFORM_DIR)/Developer/Library/Frameworks";
				GENERATE_INFOPLIST_FILE = YES;
				IPHONEOS_DEPLOYMENT_TARGET = 15.0;
				MARKETING_VERSION = 1.0;
				PRODUCT_BUNDLE_IDENTIFIER = com.wmy.study.DearIMProjectTests;
				PRODUCT_NAME = "$(TARGET_NAME)";
				SWIFT_EMIT_LOC_STRINGS = NO;
				TARGETED_DEVICE_FAMILY = "1,2";
				TEST_HOST = "$(BUILT_PRODUCTS_DIR)/DearIMProject.app/$(BUNDLE_EXECUTABLE_FOLDER_PATH)/DearIMProject";
			};
			name = Debug;
		};
		DEC9D9992ABD8CBB007BB24F /* Release */ = {
			isa = XCBuildConfiguration;
			baseConfigurationReference = F50A882FF06AE2BC258D799F /* Pods-DearIMProjectTests.release.xcconfig */;
			buildSettings = {
				BUNDLE_LOADER = "$(TEST_HOST)";
				CODE_SIGN_STYLE = Automatic;
				CURRENT_PROJECT_VERSION = 1;
				DEVELOPMENT_TEAM = AH8FHU45PG;
				FRAMEWORK_SEARCH_PATHS = "$(PLATFORM_DIR)/Developer/Library/Frameworks";
				GENERATE_INFOPLIST_FILE = YES;
				IPHONEOS_DEPLOYMENT_TARGET = 15.0;
				MARKETING_VERSION = 1.0;
				PRODUCT_BUNDLE_IDENTIFIER = com.wmy.study.DearIMProjectTests;
				PRODUCT_NAME = "$(TARGET_NAME)";
				SWIFT_EMIT_LOC_STRINGS = NO;
				TARGETED_DEVICE_FAMILY = "1,2";
				TEST_HOST = "$(BUILT_PRODUCTS_DIR)/DearIMProject.app/$(BUNDLE_EXECUTABLE_FOLDER_PATH)/DearIMProject";
			};
			name = Release;
		};
/* End XCBuildConfiguration section */

/* Begin XCConfigurationList section */
		DEC9D9602ABD8CB9007BB24F /* Build configuration list for PBXProject "DearIMProject" */ = {
			isa = XCConfigurationList;
			buildConfigurations = (
				DEC9D9922ABD8CBB007BB24F /* Debug */,
				DEC9D9932ABD8CBB007BB24F /* Release */,
			);
			defaultConfigurationIsVisible = 0;
			defaultConfigurationName = Release;
		};
		DEC9D9942ABD8CBB007BB24F /* Build configuration list for PBXNativeTarget "DearIMProject" */ = {
			isa = XCConfigurationList;
			buildConfigurations = (
				DEC9D9952ABD8CBB007BB24F /* Debug */,
				DEC9D9962ABD8CBB007BB24F /* Release */,
			);
			defaultConfigurationIsVisible = 0;
			defaultConfigurationName = Release;
		};
		DEC9D9972ABD8CBB007BB24F /* Build configuration list for PBXNativeTarget "DearIMProjectTests" */ = {
			isa = XCConfigurationList;
			buildConfigurations = (
				DEC9D9982ABD8CBB007BB24F /* Debug */,
				DEC9D9992ABD8CBB007BB24F /* Release */,
			);
			defaultConfigurationIsVisible = 0;
			defaultConfigurationName = Release;
		};
/* End XCConfigurationList section */
	};
	rootObject = DEC9D95D2ABD8CB9007BB24F /* Project object */;
}
